
Microsoft Visual Studio Solution File, Format Version 12.00
# Visual Studio Version 16
VisualStudioVersion = 16.0.30907.101
MinimumVisualStudioVersion = 10.0.40219.1
Project("{9A19103F-16F7-4668-BE54-9A1E7A4F7556}") = "Settlements", "Settlements\Settlements.csproj", "{EE720E10-78B2-4B92-A751-E6C205F5A109}"
EndProject
Global
	GlobalSection(SolutionConfigurationPlatforms) = preSolution
		Debug|Any CPU = Debug|Any CPU
		Release|Any CPU = Release|Any CPU
	EndGlobalSection
	GlobalSection(ProjectConfigurationPlatforms) = postSolution
		{EE720E10-78B2-4B92-A751-E6C205F5A109}.Debug|Any CPU.ActiveCfg = Debug|Any CPU
		{EE720E10-78B2-4B92-A751-E6C205F5A109}.Debug|Any CPU.Build.0 = Debug|Any CPU
		{EE720E10-78B2-4B92-A751-E6C205F5A109}.Release|Any CPU.ActiveCfg = Release|Any CPU
		{EE720E10-78B2-4B92-A751-E6C205F5A109}.Release|Any CPU.Build.0 = Release|Any CPU
	EndGlobalSection
	GlobalSection(SolutionProperties) = preSolution
		HideSolutionNode = FALSE
	EndGlobalSection
	GlobalSection(ExtensibilityGlobals) = postSolution
		SolutionGuid = {9192BDB0-AF0E-4D38-AC2E-16F5492EAE34}
	EndGlobalSection
EndGlobal
